
Microsoft Visual Studio Solution File, Format Version 12.00
# Visual Studio Version 16
VisualStudioVersion = 16.0.29102.190
MinimumVisualStudioVersion = 10.0.40219.1
Project("{FAE04EC0-301F-11D3-BF4B-00C04F79EFBC}") = "W1", "W1\W1.csproj", "{C9B8549A-CCE5-4089-B60D-99E372521494}"
EndProject
Project("{FAE04EC0-301F-11D3-BF4B-00C04F79EFBC}") = "RFSRepository", "RFSRepository\RFSRepository.csproj", "{FF89F325-A4B9-4B02-8993-DE192AF3E953}"
EndProject
Project("{FAE04EC0-301F-11D3-BF4B-00C04F79EFBC}") = "RFSModel", "RFSModel\RFSModel.csproj", "{0AEAE2AB-687D-4CE1-A2F5-751CE85E2683}"
EndProject
Project("{FAE04EC0-301F-11D3-BF4B-00C04F79EFBC}") = "RFSUtility", "RFSUtility\RFSUtility.csproj", "{03881005-C8B1-442E-BD66-48CF12E193B0}"
EndProject
Project("{FAE04EC0-301F-11D3-BF4B-00C04F79EFBC}") = "RFSRepositoryOne", "RFSRepositoryOne\RFSRepositoryOne.csproj", "{107BA2E8-C21E-4D30-A2D7-91FF9F315552}"
EndProject
Project("{FAE04EC0-301F-11D3-BF4B-00C04F79EFBC}") = "RFSRepositoryTwo", "RFSRepositoryTwo\RFSRepositoryTwo.csproj", "{A731AC4C-28A0-40CD-8F92-2E65EB040959}"
EndProject
Project("{FAE04EC0-301F-11D3-BF4B-00C04F79EFBC}") = "RFSRepositoryThree", "RFSRepositoryThree\RFSRepositoryThree.csproj", "{9056D2F6-8E64-4582-ABCC-F0479F396D41}"
EndProject
Project("{FAE04EC0-301F-11D3-BF4B-00C04F79EFBC}") = "RFSRepositoryEDT", "RFSRepositoryEDT\RFSRepositoryEDT.csproj", "{C1508F9A-8A1F-49BF-9D4A-56D7707C8E9E}"
EndProject
Project("{FAE04EC0-301F-11D3-BF4B-00C04F79EFBC}") = "RFSRepositoryEDTPortfolio", "RFSRepositoryEDTPortfolio\RFSRepositoryEDTPortfolio.csproj", "{B05E6D09-0EEB-4646-ACE2-68BEF5461BA8}"
EndProject
Global
	GlobalSection(SolutionConfigurationPlatforms) = preSolution
		Debug|Any CPU = Debug|Any CPU
		Debug|ARM = Debug|ARM
		Debug|ARM64 = Debug|ARM64
		Debug|x64 = Debug|x64
		Debug|x86 = Debug|x86
		Release|Any CPU = Release|Any CPU
		Release|ARM = Release|ARM
		Release|ARM64 = Release|ARM64
		Release|x64 = Release|x64
		Release|x86 = Release|x86
	EndGlobalSection
	GlobalSection(ProjectConfigurationPlatforms) = postSolution
		{C9B8549A-CCE5-4089-B60D-99E372521494}.Debug|Any CPU.ActiveCfg = Debug|Any CPU
		{C9B8549A-CCE5-4089-B60D-99E372521494}.Debug|Any CPU.Build.0 = Debug|Any CPU
		{C9B8549A-CCE5-4089-B60D-99E372521494}.Debug|ARM.ActiveCfg = Debug|Any CPU
		{C9B8549A-CCE5-4089-B60D-99E372521494}.Debug|ARM.Build.0 = Debug|Any CPU
		{C9B8549A-CCE5-4089-B60D-99E372521494}.Debug|ARM64.ActiveCfg = Debug|Any CPU
		{C9B8549A-CCE5-4089-B60D-99E372521494}.Debug|ARM64.Build.0 = Debug|Any CPU
		{C9B8549A-CCE5-4089-B60D-99E372521494}.Debug|x64.ActiveCfg = Debug|Any CPU
		{C9B8549A-CCE5-4089-B60D-99E372521494}.Debug|x64.Build.0 = Debug|Any CPU
		{C9B8549A-CCE5-4089-B60D-99E372521494}.Debug|x86.ActiveCfg = Debug|Any CPU
		{C9B8549A-CCE5-4089-B60D-99E372521494}.Debug|x86.Build.0 = Debug|Any CPU
		{C9B8549A-CCE5-4089-B60D-99E372521494}.Release|Any CPU.ActiveCfg = Release|Any CPU
		{C9B8549A-CCE5-4089-B60D-99E372521494}.Release|Any CPU.Build.0 = Release|Any CPU
		{C9B8549A-CCE5-4089-B60D-99E372521494}.Release|ARM.ActiveCfg = Release|Any CPU
		{C9B8549A-CCE5-4089-B60D-99E372521494}.Release|ARM.Build.0 = Release|Any CPU
		{C9B8549A-CCE5-4089-B60D-99E372521494}.Release|ARM64.ActiveCfg = Release|Any CPU
		{C9B8549A-CCE5-4089-B60D-99E372521494}.Release|ARM64.Build.0 = Release|Any CPU
		{C9B8549A-CCE5-4089-B60D-99E372521494}.Release|x64.ActiveCfg = Release|Any CPU
		{C9B8549A-CCE5-4089-B60D-99E372521494}.Release|x64.Build.0 = Release|Any CPU
		{C9B8549A-CCE5-4089-B60D-99E372521494}.Release|x86.ActiveCfg = Release|Any CPU
		{C9B8549A-CCE5-4089-B60D-99E372521494}.Release|x86.Build.0 = Release|Any CPU
		{FF89F325-A4B9-4B02-8993-DE192AF3E953}.Debug|Any CPU.ActiveCfg = Debug|Any CPU
		{FF89F325-A4B9-4B02-8993-DE192AF3E953}.Debug|Any CPU.Build.0 = Debug|Any CPU
		{FF89F325-A4B9-4B02-8993-DE192AF3E953}.Debug|ARM.ActiveCfg = Debug|Any CPU
		{FF89F325-A4B9-4B02-8993-DE192AF3E953}.Debug|ARM.Build.0 = Debug|Any CPU
		{FF89F325-A4B9-4B02-8993-DE192AF3E953}.Debug|ARM64.ActiveCfg = Debug|Any CPU
		{FF89F325-A4B9-4B02-8993-DE192AF3E953}.Debug|ARM64.Build.0 = Debug|Any CPU
		{FF89F325-A4B9-4B02-8993-DE192AF3E953}.Debug|x64.ActiveCfg = Debug|Any CPU
		{FF89F325-A4B9-4B02-8993-DE192AF3E953}.Debug|x64.Build.0 = Debug|Any CPU
		{FF89F325-A4B9-4B02-8993-DE192AF3E953}.Debug|x86.ActiveCfg = Debug|Any CPU
		{FF89F325-A4B9-4B02-8993-DE192AF3E953}.Debug|x86.Build.0 = Debug|Any CPU
		{FF89F325-A4B9-4B02-8993-DE192AF3E953}.Release|Any CPU.ActiveCfg = Release|Any CPU
		{FF89F325-A4B9-4B02-8993-DE192AF3E953}.Release|Any CPU.Build.0 = Release|Any CPU
		{FF89F325-A4B9-4B02-8993-DE192AF3E953}.Release|ARM.ActiveCfg = Release|Any CPU
		{FF89F325-A4B9-4B02-8993-DE192AF3E953}.Release|ARM.Build.0 = Release|Any CPU
		{FF89F325-A4B9-4B02-8993-DE192AF3E953}.Release|ARM64.ActiveCfg = Release|Any CPU
		{FF89F325-A4B9-4B02-8993-DE192AF3E953}.Release|ARM64.Build.0 = Release|Any CPU
		{FF89F325-A4B9-4B02-8993-DE192AF3E953}.Release|x64.ActiveCfg = Release|Any CPU
		{FF89F325-A4B9-4B02-8993-DE192AF3E953}.Release|x64.Build.0 = Release|Any CPU
		{FF89F325-A4B9-4B02-8993-DE192AF3E953}.Release|x86.ActiveCfg = Release|Any CPU
		{FF89F325-A4B9-4B02-8993-DE192AF3E953}.Release|x86.Build.0 = Release|Any CPU
		{0AEAE2AB-687D-4CE1-A2F5-751CE85E2683}.Debug|Any CPU.ActiveCfg = Debug|Any CPU
		{0AEAE2AB-687D-4CE1-A2F5-751CE85E2683}.Debug|Any CPU.Build.0 = Debug|Any CPU
		{0AEAE2AB-687D-4CE1-A2F5-751CE85E2683}.Debug|ARM.ActiveCfg = Debug|Any CPU
		{0AEAE2AB-687D-4CE1-A2F5-751CE85E2683}.Debug|ARM.Build.0 = Debug|Any CPU
		{0AEAE2AB-687D-4CE1-A2F5-751CE85E2683}.Debug|ARM64.ActiveCfg = Debug|Any CPU
		{0AEAE2AB-687D-4CE1-A2F5-751CE85E2683}.Debug|ARM64.Build.0 = Debug|Any CPU
		{0AEAE2AB-687D-4CE1-A2F5-751CE85E2683}.Debug|x64.ActiveCfg = Debug|Any CPU
		{0AEAE2AB-687D-4CE1-A2F5-751CE85E2683}.Debug|x64.Build.0 = Debug|Any CPU
		{0AEAE2AB-687D-4CE1-A2F5-751CE85E2683}.Debug|x86.ActiveCfg = Debug|Any CPU
		{0AEAE2AB-687D-4CE1-A2F5-751CE85E2683}.Debug|x86.Build.0 = Debug|Any CPU
		{0AEAE2AB-687D-4CE1-A2F5-751CE85E2683}.Release|Any CPU.ActiveCfg = Release|Any CPU
		{0AEAE2AB-687D-4CE1-A2F5-751CE85E2683}.Release|Any CPU.Build.0 = Release|Any CPU
		{0AEAE2AB-687D-4CE1-A2F5-751CE85E2683}.Release|ARM.ActiveCfg = Release|Any CPU
		{0AEAE2AB-687D-4CE1-A2F5-751CE85E2683}.Release|ARM.Build.0 = Release|Any CPU
		{0AEAE2AB-687D-4CE1-A2F5-751CE85E2683}.Release|ARM64.ActiveCfg = Release|Any CPU
		{0AEAE2AB-687D-4CE1-A2F5-751CE85E2683}.Release|ARM64.Build.0 = Release|Any CPU
		{0AEAE2AB-687D-4CE1-A2F5-751CE85E2683}.Release|x64.ActiveCfg = Release|Any CPU
		{0AEAE2AB-687D-4CE1-A2F5-751CE85E2683}.Release|x64.Build.0 = Release|Any CPU
		{0AEAE2AB-687D-4CE1-A2F5-751CE85E2683}.Release|x86.ActiveCfg = Release|Any CPU
		{0AEAE2AB-687D-4CE1-A2F5-751CE85E2683}.Release|x86.Build.0 = Release|Any CPU
		{03881005-C8B1-442E-BD66-48CF12E193B0}.Debug|Any CPU.ActiveCfg = Debug|Any CPU
		{03881005-C8B1-442E-BD66-48CF12E193B0}.Debug|Any CPU.Build.0 = Debug|Any CPU
		{03881005-C8B1-442E-BD66-48CF12E193B0}.Debug|ARM.ActiveCfg = Debug|Any CPU
		{03881005-C8B1-442E-BD66-48CF12E193B0}.Debug|ARM.Build.0 = Debug|Any CPU
		{03881005-C8B1-442E-BD66-48CF12E193B0}.Debug|ARM64.ActiveCfg = Debug|Any CPU
		{03881005-C8B1-442E-BD66-48CF12E193B0}.Debug|ARM64.Build.0 = Debug|Any CPU
		{03881005-C8B1-442E-BD66-48CF12E193B0}.Debug|x64.ActiveCfg = Debug|Any CPU
		{03881005-C8B1-442E-BD66-48CF12E193B0}.Debug|x64.Build.0 = Debug|Any CPU
		{03881005-C8B1-442E-BD66-48CF12E193B0}.Debug|x86.ActiveCfg = Debug|Any CPU
		{03881005-C8B1-442E-BD66-48CF12E193B0}.Debug|x86.Build.0 = Debug|Any CPU
		{03881005-C8B1-442E-BD66-48CF12E193B0}.Release|Any CPU.ActiveCfg = Release|Any CPU
		{03881005-C8B1-442E-BD66-48CF12E193B0}.Release|Any CPU.Build.0 = Release|Any CPU
		{03881005-C8B1-442E-BD66-48CF12E193B0}.Release|ARM.ActiveCfg = Release|Any CPU
		{03881005-C8B1-442E-BD66-48CF12E193B0}.Release|ARM.Build.0 = Release|Any CPU
		{03881005-C8B1-442E-BD66-48CF12E193B0}.Release|ARM64.ActiveCfg = Release|Any CPU
		{03881005-C8B1-442E-BD66-48CF12E193B0}.Release|ARM64.Build.0 = Release|Any CPU
		{03881005-C8B1-442E-BD66-48CF12E193B0}.Release|x64.ActiveCfg = Release|Any CPU
		{03881005-C8B1-442E-BD66-48CF12E193B0}.Release|x64.Build.0 = Release|Any CPU
		{03881005-C8B1-442E-BD66-48CF12E193B0}.Release|x86.ActiveCfg = Release|Any CPU
		{03881005-C8B1-442E-BD66-48CF12E193B0}.Release|x86.Build.0 = Release|Any CPU
		{107BA2E8-C21E-4D30-A2D7-91FF9F315552}.Debug|Any CPU.ActiveCfg = Debug|Any CPU
		{107BA2E8-C21E-4D30-A2D7-91FF9F315552}.Debug|Any CPU.Build.0 = Debug|Any CPU
		{107BA2E8-C21E-4D30-A2D7-91FF9F315552}.Debug|ARM.ActiveCfg = Debug|Any CPU
		{107BA2E8-C21E-4D30-A2D7-91FF9F315552}.Debug|ARM.Build.0 = Debug|Any CPU
		{107BA2E8-C21E-4D30-A2D7-91FF9F315552}.Debug|ARM64.ActiveCfg = Debug|Any CPU
		{107BA2E8-C21E-4D30-A2D7-91FF9F315552}.Debug|ARM64.Build.0 = Debug|Any CPU
		{107BA2E8-C21E-4D30-A2D7-91FF9F315552}.Debug|x64.ActiveCfg = Debug|Any CPU
		{107BA2E8-C21E-4D30-A2D7-91FF9F315552}.Debug|x64.Build.0 = Debug|Any CPU
		{107BA2E8-C21E-4D30-A2D7-91FF9F315552}.Debug|x86.ActiveCfg = Debug|Any CPU
		{107BA2E8-C21E-4D30-A2D7-91FF9F315552}.Debug|x86.Build.0 = Debug|Any CPU
		{107BA2E8-C21E-4D30-A2D7-91FF9F315552}.Release|Any CPU.ActiveCfg = Release|Any CPU
		{107BA2E8-C21E-4D30-A2D7-91FF9F315552}.Release|Any CPU.Build.0 = Release|Any CPU
		{107BA2E8-C21E-4D30-A2D7-91FF9F315552}.Release|ARM.ActiveCfg = Release|Any CPU
		{107BA2E8-C21E-4D30-A2D7-91FF9F315552}.Release|ARM.Build.0 = Release|Any CPU
		{107BA2E8-C21E-4D30-A2D7-91FF9F315552}.Release|ARM64.ActiveCfg = Release|Any CPU
		{107BA2E8-C21E-4D30-A2D7-91FF9F315552}.Release|ARM64.Build.0 = Release|Any CPU
		{107BA2E8-C21E-4D30-A2D7-91FF9F315552}.Release|x64.ActiveCfg = Release|Any CPU
		{107BA2E8-C21E-4D30-A2D7-91FF9F315552}.Release|x64.Build.0 = Release|Any CPU
		{107BA2E8-C21E-4D30-A2D7-91FF9F315552}.Release|x86.ActiveCfg = Release|Any CPU
		{107BA2E8-C21E-4D30-A2D7-91FF9F315552}.Release|x86.Build.0 = Release|Any CPU
		{A731AC4C-28A0-40CD-8F92-2E65EB040959}.Debug|Any CPU.ActiveCfg = Debug|Any CPU
		{A731AC4C-28A0-40CD-8F92-2E65EB040959}.Debug|Any CPU.Build.0 = Debug|Any CPU
		{A731AC4C-28A0-40CD-8F92-2E65EB040959}.Debug|ARM.ActiveCfg = Debug|Any CPU
		{A731AC4C-28A0-40CD-8F92-2E65EB040959}.Debug|ARM.Build.0 = Debug|Any CPU
		{A731AC4C-28A0-40CD-8F92-2E65EB040959}.Debug|ARM64.ActiveCfg = Debug|Any CPU
		{A731AC4C-28A0-40CD-8F92-2E65EB040959}.Debug|ARM64.Build.0 = Debug|Any CPU
		{A731AC4C-28A0-40CD-8F92-2E65EB040959}.Debug|x64.ActiveCfg = Debug|Any CPU
		{A731AC4C-28A0-40CD-8F92-2E65EB040959}.Debug|x64.Build.0 = Debug|Any CPU
		{A731AC4C-28A0-40CD-8F92-2E65EB040959}.Debug|x86.ActiveCfg = Debug|Any CPU
		{A731AC4C-28A0-40CD-8F92-2E65EB040959}.Debug|x86.Build.0 = Debug|Any CPU
		{A731AC4C-28A0-40CD-8F92-2E65EB040959}.Release|Any CPU.ActiveCfg = Release|Any CPU
		{A731AC4C-28A0-40CD-8F92-2E65EB040959}.Release|Any CPU.Build.0 = Release|Any CPU
		{A731AC4C-28A0-40CD-8F92-2E65EB040959}.Release|ARM.ActiveCfg = Release|Any CPU
		{A731AC4C-28A0-40CD-8F92-2E65EB040959}.Release|ARM.Build.0 = Release|Any CPU
		{A731AC4C-28A0-40CD-8F92-2E65EB040959}.Release|ARM64.ActiveCfg = Release|Any CPU
		{A731AC4C-28A0-40CD-8F92-2E65EB040959}.Release|ARM64.Build.0 = Release|Any CPU
		{A731AC4C-28A0-40CD-8F92-2E65EB040959}.Release|x64.ActiveCfg = Release|Any CPU
		{A731AC4C-28A0-40CD-8F92-2E65EB040959}.Release|x64.Build.0 = Release|Any CPU
		{A731AC4C-28A0-40CD-8F92-2E65EB040959}.Release|x86.ActiveCfg = Release|Any CPU
		{A731AC4C-28A0-40CD-8F92-2E65EB040959}.Release|x86.Build.0 = Release|Any CPU
		{9056D2F6-8E64-4582-ABCC-F0479F396D41}.Debug|Any CPU.ActiveCfg = Debug|Any CPU
		{9056D2F6-8E64-4582-ABCC-F0479F396D41}.Debug|Any CPU.Build.0 = Debug|Any CPU
		{9056D2F6-8E64-4582-ABCC-F0479F396D41}.Debug|ARM.ActiveCfg = Debug|Any CPU
		{9056D2F6-8E64-4582-ABCC-F0479F396D41}.Debug|ARM.Build.0 = Debug|Any CPU
		{9056D2F6-8E64-4582-ABCC-F0479F396D41}.Debug|ARM64.ActiveCfg = Debug|Any CPU
		{9056D2F6-8E64-4582-ABCC-F0479F396D41}.Debug|ARM64.Build.0 = Debug|Any CPU
		{9056D2F6-8E64-4582-ABCC-F0479F396D41}.Debug|x64.ActiveCfg = Debug|Any CPU
		{9056D2F6-8E64-4582-ABCC-F0479F396D41}.Debug|x64.Build.0 = Debug|Any CPU
		{9056D2F6-8E64-4582-ABCC-F0479F396D41}.Debug|x86.ActiveCfg = Debug|Any CPU
		{9056D2F6-8E64-4582-ABCC-F0479F396D41}.Debug|x86.Build.0 = Debug|Any CPU
		{9056D2F6-8E64-4582-ABCC-F0479F396D41}.Release|Any CPU.ActiveCfg = Release|Any CPU
		{9056D2F6-8E64-4582-ABCC-F0479F396D41}.Release|Any CPU.Build.0 = Release|Any CPU
		{9056D2F6-8E64-4582-ABCC-F0479F396D41}.Release|ARM.ActiveCfg = Release|Any CPU
		{9056D2F6-8E64-4582-ABCC-F0479F396D41}.Release|ARM.Build.0 = Release|Any CPU
		{9056D2F6-8E64-4582-ABCC-F0479F396D41}.Release|ARM64.ActiveCfg = Release|Any CPU
		{9056D2F6-8E64-4582-ABCC-F0479F396D41}.Release|ARM64.Build.0 = Release|Any CPU
		{9056D2F6-8E64-4582-ABCC-F0479F396D41}.Release|x64.ActiveCfg = Release|Any CPU
		{9056D2F6-8E64-4582-ABCC-F0479F396D41}.Release|x64.Build.0 = Release|Any CPU
		{9056D2F6-8E64-4582-ABCC-F0479F396D41}.Release|x86.ActiveCfg = Release|Any CPU
		{9056D2F6-8E64-4582-ABCC-F0479F396D41}.Release|x86.Build.0 = Release|Any CPU
		{C1508F9A-8A1F-49BF-9D4A-56D7707C8E9E}.Debug|Any CPU.ActiveCfg = Debug|Any CPU
		{C1508F9A-8A1F-49BF-9D4A-56D7707C8E9E}.Debug|Any CPU.Build.0 = Debug|Any CPU
		{C1508F9A-8A1F-49BF-9D4A-56D7707C8E9E}.Debug|ARM.ActiveCfg = Debug|Any CPU
		{C1508F9A-8A1F-49BF-9D4A-56D7707C8E9E}.Debug|ARM.Build.0 = Debug|Any CPU
		{C1508F9A-8A1F-49BF-9D4A-56D7707C8E9E}.Debug|ARM64.ActiveCfg = Debug|Any CPU
		{C1508F9A-8A1F-49BF-9D4A-56D7707C8E9E}.Debug|ARM64.Build.0 = Debug|Any CPU
		{C1508F9A-8A1F-49BF-9D4A-56D7707C8E9E}.Debug|x64.ActiveCfg = Debug|Any CPU
		{C1508F9A-8A1F-49BF-9D4A-56D7707C8E9E}.Debug|x64.Build.0 = Debug|Any CPU
		{C1508F9A-8A1F-49BF-9D4A-56D7707C8E9E}.Debug|x86.ActiveCfg = Debug|Any CPU
		{C1508F9A-8A1F-49BF-9D4A-56D7707C8E9E}.Debug|x86.Build.0 = Debug|Any CPU
		{C1508F9A-8A1F-49BF-9D4A-56D7707C8E9E}.Release|Any CPU.ActiveCfg = Release|Any CPU
		{C1508F9A-8A1F-49BF-9D4A-56D7707C8E9E}.Release|Any CPU.Build.0 = Release|Any CPU
		{C1508F9A-8A1F-49BF-9D4A-56D7707C8E9E}.Release|ARM.ActiveCfg = Release|Any CPU
		{C1508F9A-8A1F-49BF-9D4A-56D7707C8E9E}.Release|ARM.Build.0 = Release|Any CPU
		{C1508F9A-8A1F-49BF-9D4A-56D7707C8E9E}.Release|ARM64.ActiveCfg = Release|Any CPU
		{C1508F9A-8A1F-49BF-9D4A-56D7707C8E9E}.Release|ARM64.Build.0 = Release|Any CPU
		{C1508F9A-8A1F-49BF-9D4A-56D7707C8E9E}.Release|x64.ActiveCfg = Release|Any CPU
		{C1508F9A-8A1F-49BF-9D4A-56D7707C8E9E}.Release|x64.Build.0 = Release|Any CPU
		{C1508F9A-8A1F-49BF-9D4A-56D7707C8E9E}.Release|x86.ActiveCfg = Release|Any CPU
		{C1508F9A-8A1F-49BF-9D4A-56D7707C8E9E}.Release|x86.Build.0 = Release|Any CPU
		{B05E6D09-0EEB-4646-ACE2-68BEF5461BA8}.Debug|Any CPU.ActiveCfg = Debug|Any CPU
		{B05E6D09-0EEB-4646-ACE2-68BEF5461BA8}.Debug|Any CPU.Build.0 = Debug|Any CPU
		{B05E6D09-0EEB-4646-ACE2-68BEF5461BA8}.Debug|ARM.ActiveCfg = Debug|Any CPU
		{B05E6D09-0EEB-4646-ACE2-68BEF5461BA8}.Debug|ARM.Build.0 = Debug|Any CPU
		{B05E6D09-0EEB-4646-ACE2-68BEF5461BA8}.Debug|ARM64.ActiveCfg = Debug|Any CPU
		{B05E6D09-0EEB-4646-ACE2-68BEF5461BA8}.Debug|ARM64.Build.0 = Debug|Any CPU
		{B05E6D09-0EEB-4646-ACE2-68BEF5461BA8}.Debug|x64.ActiveCfg = Debug|Any CPU
		{B05E6D09-0EEB-4646-ACE2-68BEF5461BA8}.Debug|x64.Build.0 = Debug|Any CPU
		{B05E6D09-0EEB-4646-ACE2-68BEF5461BA8}.Debug|x86.ActiveCfg = Debug|Any CPU
		{B05E6D09-0EEB-4646-ACE2-68BEF5461BA8}.Debug|x86.Build.0 = Debug|Any CPU
		{B05E6D09-0EEB-4646-ACE2-68BEF5461BA8}.Release|Any CPU.ActiveCfg = Release|Any CPU
		{B05E6D09-0EEB-4646-ACE2-68BEF5461BA8}.Release|Any CPU.Build.0 = Release|Any CPU
		{B05E6D09-0EEB-4646-ACE2-68BEF5461BA8}.Release|ARM.ActiveCfg = Release|Any CPU
		{B05E6D09-0EEB-4646-ACE2-68BEF5461BA8}.Release|ARM.Build.0 = Release|Any CPU
		{B05E6D09-0EEB-4646-ACE2-68BEF5461BA8}.Release|ARM64.ActiveCfg = Release|Any CPU
		{B05E6D09-0EEB-4646-ACE2-68BEF5461BA8}.Release|ARM64.Build.0 = Release|Any CPU
		{B05E6D09-0EEB-4646-ACE2-68BEF5461BA8}.Release|x64.ActiveCfg = Release|Any CPU
		{B05E6D09-0EEB-4646-ACE2-68BEF5461BA8}.Release|x64.Build.0 = Release|Any CPU
		{B05E6D09-0EEB-4646-ACE2-68BEF5461BA8}.Release|x86.ActiveCfg = Release|Any CPU
		{B05E6D09-0EEB-4646-ACE2-68BEF5461BA8}.Release|x86.Build.0 = Release|Any CPU
	EndGlobalSection
	GlobalSection(SolutionProperties) = preSolution
		HideSolutionNode = FALSE
	EndGlobalSection
	GlobalSection(ExtensibilityGlobals) = postSolution
		SolutionGuid = {074BC92E-0F62-49F4-92BE-C7CF541F8452}
	EndGlobalSection
EndGlobal
